
Microsoft Visual Studio Solution File, Format Version 12.00
# Visual Studio Version 16
VisualStudioVersion = 16.0.31911.196
MinimumVisualStudioVersion = 10.0.40219.1
Project("{FAE04EC0-301F-11D3-BF4B-00C04F79EFBC}") = "project  of ado dot net", "project  of ado dot net\project  of ado dot net.csproj", "{BBD8E091-4C8D-4039-A981-E96F954089F7}"
EndProject
Global
	GlobalSection(SolutionConfigurationPlatforms) = preSolution
		Debug|Any CPU = Debug|Any CPU
		Release|Any CPU = Release|Any CPU
	EndGlobalSection
	GlobalSection(ProjectConfigurationPlatforms) = postSolution
		{BBD8E091-4C8D-4039-A981-E96F954089F7}.Debug|Any CPU.ActiveCfg = Debug|Any CPU
		{BBD8E091-4C8D-4039-A981-E96F954089F7}.Debug|Any CPU.Build.0 = Debug|Any CPU
		{BBD8E091-4C8D-4039-A981-E96F954089F7}.Release|Any CPU.ActiveCfg = Release|Any CPU
		{BBD8E091-4C8D-4039-A981-E96F954089F7}.Release|Any CPU.Build.0 = Release|Any CPU
	EndGlobalSection
	GlobalSection(SolutionProperties) = preSolution
		HideSolutionNode = FALSE
	EndGlobalSection
	GlobalSection(ExtensibilityGlobals) = postSolution
		SolutionGuid = {D42F8433-F9AA-458D-A5A0-2CAF043B2471}
	EndGlobalSection
EndGlobal
